// !$*UTF8*$!
{
	archiveVersion = 1;
	classes = {
	};
	objectVersion = 50;
	objects = {

/* Begin PBXBuildFile section */
		048DBEAD260FA06600483269 /* AppDelegate.swift in Sources */ = {isa = PBXBuildFile; fileRef = 048DBEAC260FA06600483269 /* AppDelegate.swift */; };
		048DBEAF260FA06600483269 /* GameScene.sks in Resources */ = {isa = PBXBuildFile; fileRef = 048DBEAE260FA06600483269 /* GameScene.sks */; };
		048DBEB1260FA06600483269 /* Actions.sks in Resources */ = {isa = PBXBuildFile; fileRef = 048DBEB0260FA06600483269 /* Actions.sks */; };
		048DBEB3260FA06600483269 /* GameScene.swift in Sources */ = {isa = PBXBuildFile; fileRef = 048DBEB2260FA06600483269 /* GameScene.swift */; };
		048DBEB5260FA06600483269 /* GameViewController.swift in Sources */ = {isa = PBXBuildFile; fileRef = 048DBEB4260FA06600483269 /* GameViewController.swift */; };
		048DBEB8260FA06600483269 /* Main.storyboard in Resources */ = {isa = PBXBuildFile; fileRef = 048DBEB6260FA06600483269 /* Main.storyboard */; };
		048DBEBA260FA06700483269 /* Assets.xcassets in Resources */ = {isa = PBXBuildFile; fileRef = 048DBEB9260FA06700483269 /* Assets.xcassets */; };
		048DBEC5260FA06700483269 /* Colors_to_CollectTests.swift in Sources */ = {isa = PBXBuildFile; fileRef = 048DBEC4260FA06700483269 /* Colors_to_CollectTests.swift */; };
		048DBED0260FA06700483269 /* Colors_to_CollectUITests.swift in Sources */ = {isa = PBXBuildFile; fileRef = 048DBECF260FA06700483269 /* Colors_to_CollectUITests.swift */; };
		048DBEE1260FA89400483269 /* Localizable.strings in Resources */ = {isa = PBXBuildFile; fileRef = 048DBEE0260FA89400483269 /* Localizable.strings */; };
/* End PBXBuildFile section */

/* Begin PBXContainerItemProxy section */
		048DBEC1260FA06700483269 /* PBXContainerItemProxy */ = {
			isa = PBXContainerItemProxy;
			containerPortal = 048DBEA1260FA06600483269 /* Project object */;
			proxyType = 1;
			remoteGlobalIDString = 048DBEA8260FA06600483269;
			remoteInfo = "Colors to Collect";
		};
		048DBECC260FA06700483269 /* PBXContainerItemProxy */ = {
			isa = PBXContainerItemProxy;
			containerPortal = 048DBEA1260FA06600483269 /* Project object */;
			proxyType = 1;
			remoteGlobalIDString = 048DBEA8260FA06600483269;
			remoteInfo = "Colors to Collect";
		};
/* End PBXContainerItemProxy section */

/* Begin PBXFileReference section */
		048DBEA9260FA06600483269 /* Colors to Collect.app */ = {isa = PBXFileReference; explicitFileType = wrapper.application; includeInIndex = 0; path = "Colors to Collect.app"; sourceTree = BUILT_PRODUCTS_DIR; };
		048DBEAC260FA06600483269 /* AppDelegate.swift */ = {isa = PBXFileReference; lastKnownFileType = sourcecode.swift; path = AppDelegate.swift; sourceTree = "<group>"; };
		048DBEAE260FA06600483269 /* GameScene.sks */ = {isa = PBXFileReference; lastKnownFileType = file.sks; path = GameScene.sks; sourceTree = "<group>"; };
		048DBEB0260FA06600483269 /* Actions.sks */ = {isa = PBXFileReference; lastKnownFileType = file.sks; path = Actions.sks; sourceTree = "<group>"; };
		048DBEB2260FA06600483269 /* GameScene.swift */ = {isa = PBXFileReference; lastKnownFileType = sourcecode.swift; path = GameScene.swift; sourceTree = "<group>"; };
		048DBEB4260FA06600483269 /* GameViewController.swift */ = {isa = PBXFileReference; lastKnownFileType = sourcecode.swift; path = GameViewController.swift; sourceTree = "<group>"; };
		048DBEB7260FA06600483269 /* Base */ = {isa = PBXFileReference; lastKnownFileType = file.storyboard; name = Base; path = Base.lproj/Main.storyboard; sourceTree = "<group>"; };
		048DBEB9260FA06700483269 /* Assets.xcassets */ = {isa = PBXFileReference; lastKnownFileType = folder.assetcatalog; path = Assets.xcassets; sourceTree = "<group>"; };
		048DBEBB260FA06700483269 /* Info.plist */ = {isa = PBXFileReference; lastKnownFileType = text.plist.xml; path = Info.plist; sourceTree = "<group>"; };
		048DBEC0260FA06700483269 /* Colors to CollectTests.xctest */ = {isa = PBXFileReference; explicitFileType = wrapper.cfbundle; includeInIndex = 0; path = "Colors to CollectTests.xctest"; sourceTree = BUILT_PRODUCTS_DIR; };
		048DBEC4260FA06700483269 /* Colors_to_CollectTests.swift */ = {isa = PBXFileReference; lastKnownFileType = sourcecode.swift; path = Colors_to_CollectTests.swift; sourceTree = "<group>"; };
		048DBEC6260FA06700483269 /* Info.plist */ = {isa = PBXFileReference; lastKnownFileType = text.plist.xml; path = Info.plist; sourceTree = "<group>"; };
		048DBECB260FA06700483269 /* Colors to CollectUITests.xctest */ = {isa = PBXFileReference; explicitFileType = wrapper.cfbundle; includeInIndex = 0; path = "Colors to CollectUITests.xctest"; sourceTree = BUILT_PRODUCTS_DIR; };
		048DBECF260FA06700483269 /* Colors_to_CollectUITests.swift */ = {isa = PBXFileReference; lastKnownFileType = sourcecode.swift; path = Colors_to_CollectUITests.swift; sourceTree = "<group>"; };
		048DBED1260FA06700483269 /* Info.plist */ = {isa = PBXFileReference; lastKnownFileType = text.plist.xml; path = Info.plist; sourceTree = "<group>"; };
		048DBEE0260FA89400483269 /* Localizable.strings */ = {isa = PBXFileReference; lastKnownFileType = text.plist.strings; path = Localizable.strings; sourceTree = "<group>"; };
/* End PBXFileReference section */

/* Begin PBXFrameworksBuildPhase section */
		048DBEA6260FA06600483269 /* Frameworks */ = {
			isa = PBXFrameworksBuildPhase;
			buildActionMask = 2147483647;
			files = (
			);
			runOnlyForDeploymentPostprocessing = 0;
		};
		048DBEBD260FA06700483269 /* Frameworks */ = {
			isa = PBXFrameworksBuildPhase;
			buildActionMask = 2147483647;
			files = (
			);
			runOnlyForDeploymentPostprocessing = 0;
		};
		048DBEC8260FA06700483269 /* Frameworks */ = {
			isa = PBXFrameworksBuildPhase;
			buildActionMask = 2147483647;
			files = (
			);
			runOnlyForDeploymentPostprocessing = 0;
		};
/* End PBXFrameworksBuildPhase section */

/* Begin PBXGroup section */
		048DBEA0260FA06600483269 = {
			isa = PBXGroup;
			children = (
				048DBEAB260FA06600483269 /* Colors to Collect */,
				048DBEC3260FA06700483269 /* Colors to CollectTests */,
				048DBECE260FA06700483269 /* Colors to CollectUITests */,
				048DBEAA260FA06600483269 /* Products */,
			);
			sourceTree = "<group>";
		};
		048DBEAA260FA06600483269 /* Products */ = {
			isa = PBXGroup;
			children = (
				048DBEA9260FA06600483269 /* Colors to Collect.app */,
				048DBEC0260FA06700483269 /* Colors to CollectTests.xctest */,
				048DBECB260FA06700483269 /* Colors to CollectUITests.xctest */,
			);
			name = Products;
			sourceTree = "<group>";
		};
		048DBEAB260FA06600483269 /* Colors to Collect */ = {
			isa = PBXGroup;
			children = (
				048DBEAC260FA06600483269 /* AppDelegate.swift */,
				048DBEAE260FA06600483269 /* GameScene.sks */,
				048DBEB0260FA06600483269 /* Actions.sks */,
				048DBEB2260FA06600483269 /* GameScene.swift */,
				048DBEB4260FA06600483269 /* GameViewController.swift */,
				048DBEB6260FA06600483269 /* Main.storyboard */,
				048DBEB9260FA06700483269 /* Assets.xcassets */,
				048DBEBB260FA06700483269 /* Info.plist */,
				048DBEE0260FA89400483269 /* Localizable.strings */,
			);
			path = "Colors to Collect";
			sourceTree = "<group>";
		};
		048DBEC3260FA06700483269 /* Colors to CollectTests */ = {
			isa = PBXGroup;
			children = (
				048DBEC4260FA06700483269 /* Colors_to_CollectTests.swift */,
				048DBEC6260FA06700483269 /* Info.plist */,
			);
			path = "Colors to CollectTests";
			sourceTree = "<group>";
		};
		048DBECE260FA06700483269 /* Colors to CollectUITests */ = {
			isa = PBXGroup;
			children = (
				048DBECF260FA06700483269 /* Colors_to_CollectUITests.swift */,
				048DBED1260FA06700483269 /* Info.plist */,
			);
			path = "Colors to CollectUITests";
			sourceTree = "<group>";
		};
/* End PBXGroup section */

/* Begin PBXNativeTarget section */
		048DBEA8260FA06600483269 /* Colors to Collect */ = {
			isa = PBXNativeTarget;
			buildConfigurationList = 048DBED4260FA06700483269 /* Build configuration list for PBXNativeTarget "Colors to Collect" */;
			buildPhases = (
				048DBEA5260FA06600483269 /* Sources */,
				048DBEA6260FA06600483269 /* Frameworks */,
				048DBEA7260FA06600483269 /* Resources */,
			);
			buildRules = (
			);
			dependencies = (
			);
			name = "Colors to Collect";
			productName = "Colors to Collect";
			productReference = 048DBEA9260FA06600483269 /* Colors to Collect.app */;
			productType = "com.apple.product-type.application";
		};
		048DBEBF260FA06700483269 /* Colors to CollectTests */ = {
			isa = PBXNativeTarget;
			buildConfigurationList = 048DBED7260FA06700483269 /* Build configuration list for PBXNativeTarget "Colors to CollectTests" */;
			buildPhases = (
				048DBEBC260FA06700483269 /* Sources */,
				048DBEBD260FA06700483269 /* Frameworks */,
				048DBEBE260FA06700483269 /* Resources */,
			);
			buildRules = (
			);
			dependencies = (
				048DBEC2260FA06700483269 /* PBXTargetDependency */,
			);
			name = "Colors to CollectTests";
			productName = "Colors to CollectTests";
			productReference = 048DBEC0260FA06700483269 /* Colors to CollectTests.xctest */;
			productType = "com.apple.product-type.bundle.unit-test";
		};
		048DBECA260FA06700483269 /* Colors to CollectUITests */ = {
			isa = PBXNativeTarget;
			buildConfigurationList = 048DBEDA260FA06700483269 /* Build configuration list for PBXNativeTarget "Colors to CollectUITests" */;
			buildPhases = (
				048DBEC7260FA06700483269 /* Sources */,
				048DBEC8260FA06700483269 /* Frameworks */,
				048DBEC9260FA06700483269 /* Resources */,
			);
			buildRules = (
			);
			dependencies = (
				048DBECD260FA06700483269 /* PBXTargetDependency */,
			);
			name = "Colors to CollectUITests";
			productName = "Colors to CollectUITests";
			productReference = 048DBECB260FA06700483269 /* Colors to CollectUITests.xctest */;
			productType = "com.apple.product-type.bundle.ui-testing";
		};
/* End PBXNativeTarget section */

/* Begin PBXProject section */
		048DBEA1260FA06600483269 /* Project object */ = {
			isa = PBXProject;
			attributes = {
				LastSwiftUpdateCheck = 1240;
				LastUpgradeCheck = 1240;
				TargetAttributes = {
					048DBEA8260FA06600483269 = {
						CreatedOnToolsVersion = 12.4;
					};
					048DBEBF260FA06700483269 = {
						CreatedOnToolsVersion = 12.4;
						TestTargetID = 048DBEA8260FA06600483269;
					};
					048DBECA260FA06700483269 = {
						CreatedOnToolsVersion = 12.4;
						TestTargetID = 048DBEA8260FA06600483269;
					};
				};
			};
			buildConfigurationList = 048DBEA4260FA06600483269 /* Build configuration list for PBXProject "Colors to Collect" */;
			compatibilityVersion = "Xcode 9.3";
			developmentRegion = en;
			hasScannedForEncodings = 0;
			knownRegions = (
				en,
				Base,
			);
			mainGroup = 048DBEA0260FA06600483269;
			productRefGroup = 048DBEAA260FA06600483269 /* Products */;
			projectDirPath = "";
			projectRoot = "";
			targets = (
				048DBEA8260FA06600483269 /* Colors to Collect */,
				048DBEBF260FA06700483269 /* Colors to CollectTests */,
				048DBECA260FA06700483269 /* Colors to CollectUITests */,
			);
		};
/* End PBXProject section */

/* Begin PBXResourcesBuildPhase section */
		048DBEA7260FA06600483269 /* Resources */ = {
			isa = PBXResourcesBuildPhase;
			buildActionMask = 2147483647;
			files = (
				048DBEE1260FA89400483269 /* Localizable.strings in Resources */,
				048DBEB8260FA06600483269 /* Main.storyboard in Resources */,
				048DBEAF260FA06600483269 /* GameScene.sks in Resources */,
				048DBEBA260FA06700483269 /* Assets.xcassets in Resources */,
				048DBEB1260FA06600483269 /* Actions.sks in Resources */,
			);
			runOnlyForDeploymentPostprocessing = 0;
		};
		048DBEBE260FA06700483269 /* Resources */ = {
			isa = PBXResourcesBuildPhase;
			buildActionMask = 2147483647;
			files = (
			);
			runOnlyForDeploymentPostprocessing = 0;
		};
		048DBEC9260FA06700483269 /* Resources */ = {
			isa = PBXResourcesBuildPhase;
			buildActionMask = 2147483647;
			files = (
			);
			runOnlyForDeploymentPostprocessing = 0;
		};
/* End PBXResourcesBuildPhase section */

/* Begin PBXSourcesBuildPhase section */
		048DBEA5260FA06600483269 /* Sources */ = {
			isa = PBXSourcesBuildPhase;
			buildActionMask = 2147483647;
			files = (
				048DBEB3260FA06600483269 /* GameScene.swift in Sources */,
				048DBEB5260FA06600483269 /* GameViewController.swift in Sources */,
				048DBEAD260FA06600483269 /* AppDelegate.swift in Sources */,
			);
			runOnlyForDeploymentPostprocessing = 0;
		};
		048DBEBC260FA06700483269 /* Sources */ = {
			isa = PBXSourcesBuildPhase;
			buildActionMask = 2147483647;
			files = (
				048DBEC5260FA06700483269 /* Colors_to_CollectTests.swift in Sources */,
			);
			runOnlyForDeploymentPostprocessing = 0;
		};
		048DBEC7260FA06700483269 /* Sources */ = {
			isa = PBXSourcesBuildPhase;
			buildActionMask = 2147483647;
			files = (
				048DBED0260FA06700483269 /* Colors_to_CollectUITests.swift in Sources */,
			);
			runOnlyForDeploymentPostprocessing = 0;
		};
/* End PBXSourcesBuildPhase section */

/* Begin PBXTargetDependency section */
		048DBEC2260FA06700483269 /* PBXTargetDependency */ = {
			isa = PBXTargetDependency;
			target = 048DBEA8260FA06600483269 /* Colors to Collect */;
			targetProxy = 048DBEC1260FA06700483269 /* PBXContainerItemProxy */;
		};
		048DBECD260FA06700483269 /* PBXTargetDependency */ = {
			isa = PBXTargetDependency;
			target = 048DBEA8260FA06600483269 /* Colors to Collect */;
			targetProxy = 048DBECC260FA06700483269 /* PBXContainerItemProxy */;
		};
/* End PBXTargetDependency section */

/* Begin PBXVariantGroup section */
		048DBEB6260FA06600483269 /* Main.storyboard */ = {
			isa = PBXVariantGroup;
			children = (
				048DBEB7260FA06600483269 /* Base */,
			);
			name = Main.storyboard;
			sourceTree = "<group>";
		};
/* End PBXVariantGroup section */

/* Begin XCBuildConfiguration section */
		048DBED2260FA06700483269 /* Debug */ = {
			isa = XCBuildConfiguration;
			buildSettings = {
				ALWAYS_SEARCH_USER_PATHS = NO;
				CLANG_ANALYZER_NONNULL = YES;
				CLANG_ANALYZER_NUMBER_OBJECT_CONVERSION = YES_AGGRESSIVE;
				CLANG_CXX_LANGUAGE_STANDARD = "gnu++14";
				CLANG_CXX_LIBRARY = "libc++";
				CLANG_ENABLE_MODULES = YES;
				CLANG_ENABLE_OBJC_ARC = YES;
				CLANG_ENABLE_OBJC_WEAK = YES;
				CLANG_WARN_BLOCK_CAPTURE_AUTORELEASING = YES;
				CLANG_WARN_BOOL_CONVERSION = YES;
				CLANG_WARN_COMMA = YES;
				CLANG_WARN_CONSTANT_CONVERSION = YES;
				CLANG_WARN_DEPRECATED_OBJC_IMPLEMENTATIONS = YES;
				CLANG_WARN_DIRECT_OBJC_ISA_USAGE = YES_ERROR;
				CLANG_WARN_DOCUMENTATION_COMMENTS = YES;
				CLANG_WARN_EMPTY_BODY = YES;
				CLANG_WARN_ENUM_CONVERSION = YES;
				CLANG_WARN_INFINITE_RECURSION = YES;
				CLANG_WARN_INT_CONVERSION = YES;
				CLANG_WARN_NON_LITERAL_NULL_CONVERSION = YES;
				CLANG_WARN_OBJC_IMPLICIT_RETAIN_SELF = YES;
				CLANG_WARN_OBJC_LITERAL_CONVERSION = YES;
				CLANG_WARN_OBJC_ROOT_CLASS = YES_ERROR;
				CLANG_WARN_QUOTED_INCLUDE_IN_FRAMEWORK_HEADER = YES;
				CLANG_WARN_RANGE_LOOP_ANALYSIS = YES;
				CLANG_WARN_STRICT_PROTOTYPES = YES;
				CLANG_WARN_SUSPICIOUS_MOVE = YES;
				CLANG_WARN_UNGUARDED_AVAILABILITY = YES_AGGRESSIVE;
				CLANG_WARN_UNREACHABLE_CODE = YES;
				CLANG_WARN__DUPLICATE_METHOD_MATCH = YES;
				COPY_PHASE_STRIP = NO;
				DEBUG_INFORMATION_FORMAT = dwarf;
				ENABLE_STRICT_OBJC_MSGSEND = YES;
				ENABLE_TESTABILITY = YES;
				GCC_C_LANGUAGE_STANDARD = gnu11;
				GCC_DYNAMIC_NO_PIC = NO;
				GCC_NO_COMMON_BLOCKS = YES;
				GCC_OPTIMIZATION_LEVEL = 0;
				GCC_PREPROCESSOR_DEFINITIONS = (
					"DEBUG=1",
					"$(inherited)",
				);
				GCC_WARN_64_TO_32_BIT_CONVERSION = YES;
				GCC_WARN_ABOUT_RETURN_TYPE = YES_ERROR;
				GCC_WARN_UNDECLARED_SELECTOR = YES;
				GCC_WARN_UNINITIALIZED_AUTOS = YES_AGGRESSIVE;
				GCC_WARN_UNUSED_FUNCTION = YES;
				GCC_WARN_UNUSED_VARIABLE = YES;
				IPHONEOS_DEPLOYMENT_TARGET = 14.4;
				MTL_ENABLE_DEBUG_INFO = INCLUDE_SOURCE;
				MTL_FAST_MATH = YES;
				ONLY_ACTIVE_ARCH = YES;
				SDKROOT = iphoneos;
				SWIFT_ACTIVE_COMPILATION_CONDITIONS = DEBUG;
				SWIFT_OPTIMIZATION_LEVEL = "-Onone";
			};
			name = Debug;
		};
		048DBED3260FA06700483269 /* Release */ = {
			isa = XCBuildConfiguration;
			buildSettings = {
				ALWAYS_SEARCH_USER_PATHS = NO;
				CLANG_ANALYZER_NONNULL = YES;
				CLANG_ANALYZER_NUMBER_OBJECT_CONVERSION = YES_AGGRESSIVE;
				CLANG_CXX_LANGUAGE_STANDARD = "gnu++14";
				CLANG_CXX_LIBRARY = "libc++";
				CLANG_ENABLE_MODULES = YES;
				CLANG_ENABLE_OBJC_ARC = YES;
				CLANG_ENABLE_OBJC_WEAK = YES;
				CLANG_WARN_BLOCK_CAPTURE_AUTORELEASING = YES;
				CLANG_WARN_BOOL_CONVERSION = YES;
				CLANG_WARN_COMMA = YES;
				CLANG_WARN_CONSTANT_CONVERSION = YES;
				CLANG_WARN_DEPRECATED_OBJC_IMPLEMENTATIONS = YES;
				CLANG_WARN_DIRECT_OBJC_ISA_USAGE = YES_ERROR;
				CLANG_WARN_DOCUMENTATION_COMMENTS = YES;
				CLANG_WARN_EMPTY_BODY = YES;
				CLANG_WARN_ENUM_CONVERSION = YES;
				CLANG_WARN_INFINITE_RECURSION = YES;
				CLANG_WARN_INT_CONVERSION = YES;
				CLANG_WARN_NON_LITERAL_NULL_CONVERSION = YES;
				CLANG_WARN_OBJC_IMPLICIT_RETAIN_SELF = YES;
				CLANG_WARN_OBJC_LITERAL_CONVERSION = YES;
				CLANG_WARN_OBJC_ROOT_CLASS = YES_ERROR;
				CLANG_WARN_QUOTED_INCLUDE_IN_FRAMEWORK_HEADER = YES;
				CLANG_WARN_RANGE_LOOP_ANALYSIS = YES;
				CLANG_WARN_STRICT_PROTOTYPES = YES;
				CLANG_WARN_SUSPICIOUS_MOVE = YES;
				CLANG_WARN_UNGUARDED_AVAILABILITY = YES_AGGRESSIVE;
				CLANG_WARN_UNREACHABLE_CODE = YES;
				CLANG_WARN__DUPLICATE_METHOD_MATCH = YES;
				COPY_PHASE_STRIP = NO;
				DEBUG_INFORMATION_FORMAT = "dwarf-with-dsym";
				ENABLE_NS_ASSERTIONS = NO;
				ENABLE_STRICT_OBJC_MSGSEND = YES;
				GCC_C_LANGUAGE_STANDARD = gnu11;
				GCC_NO_COMMON_BLOCKS = YES;
				GCC_WARN_64_TO_32_BIT_CONVERSION = YES;
				GCC_WARN_ABOUT_RETURN_TYPE = YES_ERROR;
				GCC_WARN_UNDECLARED_SELECTOR = YES;
				GCC_WARN_UNINITIALIZED_AUTOS = YES_AGGRESSIVE;
				GCC_WARN_UNUSED_FUNCTION = YES;
				GCC_WARN_UNUSED_VARIABLE = YES;
				IPHONEOS_DEPLOYMENT_TARGET = 14.4;
				MTL_ENABLE_DEBUG_INFO = NO;
				MTL_FAST_MATH = YES;
				SDKROOT = iphoneos;
				SWIFT_COMPILATION_MODE = wholemodule;
				SWIFT_OPTIMIZATION_LEVEL = "-O";
				VALIDATE_PRODUCT = YES;
			};
			name = Release;
		};
		048DBED5260FA06700483269 /* Debug */ = {
			isa = XCBuildConfiguration;
			buildSettings = {
				ASSETCATALOG_COMPILER_APPICON_NAME = AppIcon;
				ASSETCATALOG_COMPILER_GLOBAL_ACCENT_COLOR_NAME = AccentColor;
				CODE_SIGN_STYLE = Automatic;
				DEVELOPMENT_TEAM = 422Y4K9N6G;
				INFOPLIST_FILE = "Colors to Collect/Info.plist";
				LD_RUNPATH_SEARCH_PATHS = (
					"$(inherited)",
					"@executable_path/Frameworks",
				);
				PRODUCT_BUNDLE_IDENTIFIER = "com.adam-ure.Colors-to-Collect";
				PRODUCT_NAME = "$(TARGET_NAME)";
				SWIFT_VERSION = 5.0;
				TARGETED_DEVICE_FAMILY = "1,2";
			};
			name = Debug;
		};
		048DBED6260FA06700483269 /* Release */ = {
			isa = XCBuildConfiguration;
			buildSettings = {
				ASSETCATALOG_COMPILER_APPICON_NAME = AppIcon;
				ASSETCATALOG_COMPILER_GLOBAL_ACCENT_COLOR_NAME = AccentColor;
				CODE_SIGN_STYLE = Automatic;
				DEVELOPMENT_TEAM = 422Y4K9N6G;
				INFOPLIST_FILE = "Colors to Collect/Info.plist";
				LD_RUNPATH_SEARCH_PATHS = (
					"$(inherited)",
					"@executable_path/Frameworks",
				);
				PRODUCT_BUNDLE_IDENTIFIER = "com.adam-ure.Colors-to-Collect";
				PRODUCT_NAME = "$(TARGET_NAME)";
				SWIFT_VERSION = 5.0;
				TARGETED_DEVICE_FAMILY = "1,2";
			};
			name = Release;
		};
		048DBED8260FA06700483269 /* Debug */ = {
			isa = XCBuildConfiguration;
			buildSettings = {
				ALWAYS_EMBED_SWIFT_STANDARD_LIBRARIES = YES;
				BUNDLE_LOADER = "$(TEST_HOST)";
				CODE_SIGN_STYLE = Automatic;
				DEVELOPMENT_TEAM = 422Y4K9N6G;
				INFOPLIST_FILE = "Colors to CollectTests/Info.plist";
				IPHONEOS_DEPLOYMENT_TARGET = 14.4;
				LD_RUNPATH_SEARCH_PATHS = (
					"$(inherited)",
					"@executable_path/Frameworks",
					"@loader_path/Frameworks",
				);
				PRODUCT_BUNDLE_IDENTIFIER = "com.adam-ure.Colors-to-CollectTests";
				PRODUCT_NAME = "$(TARGET_NAME)";
				SWIFT_VERSION = 5.0;
				TARGETED_DEVICE_FAMILY = "1,2";
				TEST_HOST = "$(BUILT_PRODUCTS_DIR)/Colors to Collect.app/Colors to Collect";
			};
			name = Debug;
		};
		048DBED9260FA06700483269 /* Release */ = {
			isa = XCBuildConfiguration;
			buildSettings = {
				ALWAYS_EMBED_SWIFT_STANDARD_LIBRARIES = YES;
				BUNDLE_LOADER = "$(TEST_HOST)";
				CODE_SIGN_STYLE = Automatic;
				DEVELOPMENT_TEAM = 422Y4K9N6G;
				INFOPLIST_FILE = "Colors to CollectTests/Info.plist";
				IPHONEOS_DEPLOYMENT_TARGET = 14.4;
				LD_RUNPATH_SEARCH_PATHS = (
					"$(inherited)",
					"@executable_path/Frameworks",
					"@loader_path/Frameworks",
				);
				PRODUCT_BUNDLE_IDENTIFIER = "com.adam-ure.Colors-to-CollectTests";
				PRODUCT_NAME = "$(TARGET_NAME)";
				SWIFT_VERSION = 5.0;
				TARGETED_DEVICE_FAMILY = "1,2";
				TEST_HOST = "$(BUILT_PRODUCTS_DIR)/Colors to Collect.app/Colors to Collect";
			};
			name = Release;
		};
		048DBEDB260FA06700483269 /* Debug */ = {
			isa = XCBuildConfiguration;
			buildSettings = {
				ALWAYS_EMBED_SWIFT_STANDARD_LIBRARIES = YES;
				CODE_SIGN_STYLE = Automatic;
				DEVELOPMENT_TEAM = 422Y4K9N6G;
				INFOPLIST_FILE = "Colors to CollectUITests/Info.plist";
				LD_RUNPATH_SEARCH_PATHS = (
					"$(inherited)",
					"@executable_path/Frameworks",
					"@loader_path/Frameworks",
				);
				PRODUCT_BUNDLE_IDENTIFIER = "com.adam-ure.Colors-to-CollectUITests";
				PRODUCT_NAME = "$(TARGET_NAME)";
				SWIFT_VERSION = 5.0;
				TARGETED_DEVICE_FAMILY = "1,2";
				TEST_TARGET_NAME = "Colors to Collect";
			};
			name = Debug;
		};
		048DBEDC260FA06700483269 /* Release */ = {
			isa = XCBuildConfiguration;
			buildSettings = {
				ALWAYS_EMBED_SWIFT_STANDARD_LIBRARIES = YES;
				CODE_SIGN_STYLE = Automatic;
				DEVELOPMENT_TEAM = 422Y4K9N6G;
				INFOPLIST_FILE = "Colors to CollectUITests/Info.plist";
				LD_RUNPATH_SEARCH_PATHS = (
					"$(inherited)",
					"@executable_path/Frameworks",
					"@loader_path/Frameworks",
				);
				PRODUCT_BUNDLE_IDENTIFIER = "com.adam-ure.Colors-to-CollectUITests";
				PRODUCT_NAME = "$(TARGET_NAME)";
				SWIFT_VERSION = 5.0;
				TARGETED_DEVICE_FAMILY = "1,2";
				TEST_TARGET_NAME = "Colors to Collect";
			};
			name = Release;
		};
/* End XCBuildConfiguration section */

/* Begin XCConfigurationList section */
		048DBEA4260FA06600483269 /* Build configuration list for PBXProject "Colors to Collect" */ = {
			isa = XCConfigurationList;
			buildConfigurations = (
				048DBED2260FA06700483269 /* Debug */,
				048DBED3260FA06700483269 /* Release */,
			);
			defaultConfigurationIsVisible = 0;
			defaultConfigurationName = Release;
		};
		048DBED4260FA06700483269 /* Build configuration list for PBXNativeTarget "Colors to Collect" */ = {
			isa = XCConfigurationList;
			buildConfigurations = (
				048DBED5260FA06700483269 /* Debug */,
				048DBED6260FA06700483269 /* Release */,
			);
			defaultConfigurationIsVisible = 0;
			defaultConfigurationName = Release;
		};
		048DBED7260FA06700483269 /* Build configuration list for PBXNativeTarget "Colors to CollectTests" */ = {
			isa = XCConfigurationList;
			buildConfigurations = (
				048DBED8260FA06700483269 /* Debug */,
				048DBED9260FA06700483269 /* Release */,
			);
			defaultConfigurationIsVisible = 0;
			defaultConfigurationName = Release;
		};
		048DBEDA260FA06700483269 /* Build configuration list for PBXNativeTarget "Colors to CollectUITests" */ = {
			isa = XCConfigurationList;
			buildConfigurations = (
				048DBEDB260FA06700483269 /* Debug */,
				048DBEDC260FA06700483269 /* Release */,
			);
			defaultConfigurationIsVisible = 0;
			defaultConfigurationName = Release;
		};
/* End XCConfigurationList section */
	};
	rootObject = 048DBEA1260FA06600483269 /* Project object */;
}
